{
  "object": {
    "pins": [
      {
        "package": "SQLite.swift",
        "repositoryURL": "https://github.com/stephencelis/SQLite.swift.git",
        "state": {
          "branch": null,
          "revision": "691fc89e75873d417d700920e79a63cf210d1d71",
          "version": "0.12.0"
        }
      }
    ]
  },
  "version": 1
}
